
Microsoft Visual Studio Solution File, Format Version 12.00
# Visual Studio Version 17
VisualStudioVersion = 17.9.34714.143
MinimumVisualStudioVersion = 10.0.40219.1
Project("{FAE04EC0-301F-11D3-BF4B-00C04F79EFBC}") = "ElDee", "ElDee.csproj", "{13C9B0A3-C94D-452F-AD9D-B5D0ED44CB49}"
EndProject
Global
	GlobalSection(SolutionConfigurationPlatforms) = preSolution
		Debug|Any CPU = Debug|Any CPU
		Release|Any CPU = Release|Any CPU
	EndGlobalSection
	GlobalSection(ProjectConfigurationPlatforms) = postSolution
		{13C9B0A3-C94D-452F-AD9D-B5D0ED44CB49}.Debug|Any CPU.ActiveCfg = Debug|Any CPU
		{13C9B0A3-C94D-452F-AD9D-B5D0ED44CB49}.Debug|Any CPU.Build.0 = Debug|Any CPU
		{13C9B0A3-C94D-452F-AD9D-B5D0ED44CB49}.Release|Any CPU.ActiveCfg = Release|Any CPU
		{13C9B0A3-C94D-452F-AD9D-B5D0ED44CB49}.Release|Any CPU.Build.0 = Release|Any CPU
	EndGlobalSection
	GlobalSection(SolutionProperties) = preSolution
		HideSolutionNode = FALSE
	EndGlobalSection
	GlobalSection(ExtensibilityGlobals) = postSolution
		SolutionGuid = {89423334-C25C-42B8-AD78-4F288606736D}
	EndGlobalSection
EndGlobal
